{
  "version": 4,
  "terraform_version": "1.9.8",
  "serial": 8,
  "lineage": "688e74eb-0de4-b49b-f09e-197c5dc04bff",
  "outputs": {
    "mylocalfile": {
      "value": "local_file.devops.content",
      "type": "string"
    }
  },
  "resources": [
    {
      "mode": "managed",
      "type": "local_file",
      "name": "devops",
      "provider": "provider[\"registry.terraform.io/hashicorp/local\"]",
      "instances": [
        {
          "schema_version": 0,
          "attributes": {
            "content": "Hello dara",
            "content_base64": null,
            "content_base64sha256": "6M1fSEEaNEDgg5cKQiCqWzfY4PWPjnzRmCg73Ndf6qo=",
            "content_base64sha512": "rmOyBAjHoZZaxOZaMJyj5dZe5VARZlLN8fK36s1/u9zFJFImVsEisWXS8cWnjhQODLhssMlMMdjHsN4Hy7qX5g==",
            "content_md5": "27e88efeb3bd8aaae29c0ac4a65b3472",
            "content_sha1": "6e01d5874b8ec318cae192d8540fbf0830e66fa7",
            "content_sha256": "e8cd5f48411a3440e083970a4220aa5b37d8e0f58f8e7cd198283bdcd75feaaa",
            "content_sha512": "ae63b20408c7a1965ac4e65a309ca3e5d65ee550116652cdf1f2b7eacd7fbbdcc524522656c122b165d2f1c5a78e140e0cb86cb0c94c31d8c7b0de07cbba97e6",
            "directory_permission": "0777",
            "file_permission": "0777",
            "filename": "E:/Coding/Terraform/demo.txt",
            "id": "6e01d5874b8ec318cae192d8540fbf0830e66fa7",
            "sensitive_content": null,
            "source": null
          },
          "sensitive_attributes": [
            [
              {
                "type": "get_attr",
                "value": "sensitive_content"
              }
            ]
          ]
        }
      ]
    }
  ],
  "check_results": null
}
